
Microsoft Visual Studio Solution File, Format Version 12.00
# Visual Studio Version 16
VisualStudioVersion = 16.0.30128.74
MinimumVisualStudioVersion = 10.0.40219.1
Project("{9A19103F-16F7-4668-BE54-9A1E7A4F7556}") = "Soccer.Common", "Soccer.Common\Soccer.Common.csproj", "{83A50F6B-4B5A-4E22-9BAA-6E7A27904E65}"
EndProject
Project("{9A19103F-16F7-4668-BE54-9A1E7A4F7556}") = "Soccer.Web", "Soccer.Web\Soccer.Web.csproj", "{C42CEF54-0B7E-444E-AD50-3EF09E7795C7}"
EndProject
Project("{FAE04EC0-301F-11D3-BF4B-00C04F79EFBC}") = "Soccer.Prism", "Soccer.Prism\Soccer.Prism\Soccer.Prism.csproj", "{E8031DB3-0BBC-4929-802E-747925175CA7}"
EndProject
Project("{FAE04EC0-301F-11D3-BF4B-00C04F79EFBC}") = "Soccer.Prism.Android", "Soccer.Prism\Soccer.Prism.Android\Soccer.Prism.Android.csproj", "{220CA67A-FD4B-48BB-81CF-1BE7DA378548}"
EndProject
Project("{FAE04EC0-301F-11D3-BF4B-00C04F79EFBC}") = "Soccer.Prism.iOS", "Soccer.Prism\Soccer.Prism.iOS\Soccer.Prism.iOS.csproj", "{C1F429CF-405F-405C-9757-9D921EE1CDF4}"
EndProject
Project("{FAE04EC0-301F-11D3-BF4B-00C04F79EFBC}") = "Soccer.Cross.Android", "Soccer.Cross.Android\Soccer.Cross.Android.csproj", "{A8A3FD38-F76C-4FBE-B743-F1801EC43A81}"
EndProject
Project("{FAE04EC0-301F-11D3-BF4B-00C04F79EFBC}") = "Soccer.Cross.iOS", "Soccer.Cross.iOS\Soccer.Cross.iOS.csproj", "{0F8697C3-50EA-433F-9749-1FC0633BD429}"
EndProject
Global
	GlobalSection(SolutionConfigurationPlatforms) = preSolution
		Ad-Hoc|Any CPU = Ad-Hoc|Any CPU
		Ad-Hoc|iPhone = Ad-Hoc|iPhone
		Ad-Hoc|iPhoneSimulator = Ad-Hoc|iPhoneSimulator
		AppStore|Any CPU = AppStore|Any CPU
		AppStore|iPhone = AppStore|iPhone
		AppStore|iPhoneSimulator = AppStore|iPhoneSimulator
		Debug|Any CPU = Debug|Any CPU
		Debug|iPhone = Debug|iPhone
		Debug|iPhoneSimulator = Debug|iPhoneSimulator
		Release|Any CPU = Release|Any CPU
		Release|iPhone = Release|iPhone
		Release|iPhoneSimulator = Release|iPhoneSimulator
	EndGlobalSection
	GlobalSection(ProjectConfigurationPlatforms) = postSolution
		{83A50F6B-4B5A-4E22-9BAA-6E7A27904E65}.Ad-Hoc|Any CPU.ActiveCfg = Release|Any CPU
		{83A50F6B-4B5A-4E22-9BAA-6E7A27904E65}.Ad-Hoc|Any CPU.Build.0 = Release|Any CPU
		{83A50F6B-4B5A-4E22-9BAA-6E7A27904E65}.Ad-Hoc|iPhone.ActiveCfg = Release|Any CPU
		{83A50F6B-4B5A-4E22-9BAA-6E7A27904E65}.Ad-Hoc|iPhone.Build.0 = Release|Any CPU
		{83A50F6B-4B5A-4E22-9BAA-6E7A27904E65}.Ad-Hoc|iPhoneSimulator.ActiveCfg = Release|Any CPU
		{83A50F6B-4B5A-4E22-9BAA-6E7A27904E65}.Ad-Hoc|iPhoneSimulator.Build.0 = Release|Any CPU
		{83A50F6B-4B5A-4E22-9BAA-6E7A27904E65}.AppStore|Any CPU.ActiveCfg = Release|Any CPU
		{83A50F6B-4B5A-4E22-9BAA-6E7A27904E65}.AppStore|Any CPU.Build.0 = Release|Any CPU
		{83A50F6B-4B5A-4E22-9BAA-6E7A27904E65}.AppStore|iPhone.ActiveCfg = Release|Any CPU
		{83A50F6B-4B5A-4E22-9BAA-6E7A27904E65}.AppStore|iPhone.Build.0 = Release|Any CPU
		{83A50F6B-4B5A-4E22-9BAA-6E7A27904E65}.AppStore|iPhoneSimulator.ActiveCfg = Release|Any CPU
		{83A50F6B-4B5A-4E22-9BAA-6E7A27904E65}.AppStore|iPhoneSimulator.Build.0 = Release|Any CPU
		{83A50F6B-4B5A-4E22-9BAA-6E7A27904E65}.Debug|Any CPU.ActiveCfg = Debug|Any CPU
		{83A50F6B-4B5A-4E22-9BAA-6E7A27904E65}.Debug|Any CPU.Build.0 = Debug|Any CPU
		{83A50F6B-4B5A-4E22-9BAA-6E7A27904E65}.Debug|iPhone.ActiveCfg = Debug|Any CPU
		{83A50F6B-4B5A-4E22-9BAA-6E7A27904E65}.Debug|iPhone.Build.0 = Debug|Any CPU
		{83A50F6B-4B5A-4E22-9BAA-6E7A27904E65}.Debug|iPhoneSimulator.ActiveCfg = Debug|Any CPU
		{83A50F6B-4B5A-4E22-9BAA-6E7A27904E65}.Debug|iPhoneSimulator.Build.0 = Debug|Any CPU
		{83A50F6B-4B5A-4E22-9BAA-6E7A27904E65}.Release|Any CPU.ActiveCfg = Release|Any CPU
		{83A50F6B-4B5A-4E22-9BAA-6E7A27904E65}.Release|Any CPU.Build.0 = Release|Any CPU
		{83A50F6B-4B5A-4E22-9BAA-6E7A27904E65}.Release|iPhone.ActiveCfg = Release|Any CPU
		{83A50F6B-4B5A-4E22-9BAA-6E7A27904E65}.Release|iPhone.Build.0 = Release|Any CPU
		{83A50F6B-4B5A-4E22-9BAA-6E7A27904E65}.Release|iPhoneSimulator.ActiveCfg = Release|Any CPU
		{83A50F6B-4B5A-4E22-9BAA-6E7A27904E65}.Release|iPhoneSimulator.Build.0 = Release|Any CPU
		{C42CEF54-0B7E-444E-AD50-3EF09E7795C7}.Ad-Hoc|Any CPU.ActiveCfg = Release|Any CPU
		{C42CEF54-0B7E-444E-AD50-3EF09E7795C7}.Ad-Hoc|Any CPU.Build.0 = Release|Any CPU
		{C42CEF54-0B7E-444E-AD50-3EF09E7795C7}.Ad-Hoc|iPhone.ActiveCfg = Release|Any CPU
		{C42CEF54-0B7E-444E-AD50-3EF09E7795C7}.Ad-Hoc|iPhone.Build.0 = Release|Any CPU
		{C42CEF54-0B7E-444E-AD50-3EF09E7795C7}.Ad-Hoc|iPhoneSimulator.ActiveCfg = Release|Any CPU
		{C42CEF54-0B7E-444E-AD50-3EF09E7795C7}.Ad-Hoc|iPhoneSimulator.Build.0 = Release|Any CPU
		{C42CEF54-0B7E-444E-AD50-3EF09E7795C7}.AppStore|Any CPU.ActiveCfg = Release|Any CPU
		{C42CEF54-0B7E-444E-AD50-3EF09E7795C7}.AppStore|Any CPU.Build.0 = Release|Any CPU
		{C42CEF54-0B7E-444E-AD50-3EF09E7795C7}.AppStore|iPhone.ActiveCfg = Release|Any CPU
		{C42CEF54-0B7E-444E-AD50-3EF09E7795C7}.AppStore|iPhone.Build.0 = Release|Any CPU
		{C42CEF54-0B7E-444E-AD50-3EF09E7795C7}.AppStore|iPhoneSimulator.ActiveCfg = Release|Any CPU
		{C42CEF54-0B7E-444E-AD50-3EF09E7795C7}.AppStore|iPhoneSimulator.Build.0 = Release|Any CPU
		{C42CEF54-0B7E-444E-AD50-3EF09E7795C7}.Debug|Any CPU.ActiveCfg = Debug|Any CPU
		{C42CEF54-0B7E-444E-AD50-3EF09E7795C7}.Debug|Any CPU.Build.0 = Debug|Any CPU
		{C42CEF54-0B7E-444E-AD50-3EF09E7795C7}.Debug|iPhone.ActiveCfg = Debug|Any CPU
		{C42CEF54-0B7E-444E-AD50-3EF09E7795C7}.Debug|iPhone.Build.0 = Debug|Any CPU
		{C42CEF54-0B7E-444E-AD50-3EF09E7795C7}.Debug|iPhoneSimulator.ActiveCfg = Debug|Any CPU
		{C42CEF54-0B7E-444E-AD50-3EF09E7795C7}.Debug|iPhoneSimulator.Build.0 = Debug|Any CPU
		{C42CEF54-0B7E-444E-AD50-3EF09E7795C7}.Release|Any CPU.ActiveCfg = Release|Any CPU
		{C42CEF54-0B7E-444E-AD50-3EF09E7795C7}.Release|Any CPU.Build.0 = Release|Any CPU
		{C42CEF54-0B7E-444E-AD50-3EF09E7795C7}.Release|iPhone.ActiveCfg = Release|Any CPU
		{C42CEF54-0B7E-444E-AD50-3EF09E7795C7}.Release|iPhone.Build.0 = Release|Any CPU
		{C42CEF54-0B7E-444E-AD50-3EF09E7795C7}.Release|iPhoneSimulator.ActiveCfg = Release|Any CPU
		{C42CEF54-0B7E-444E-AD50-3EF09E7795C7}.Release|iPhoneSimulator.Build.0 = Release|Any CPU
		{E8031DB3-0BBC-4929-802E-747925175CA7}.Ad-Hoc|Any CPU.ActiveCfg = Debug|Any CPU
		{E8031DB3-0BBC-4929-802E-747925175CA7}.Ad-Hoc|Any CPU.Build.0 = Debug|Any CPU
		{E8031DB3-0BBC-4929-802E-747925175CA7}.Ad-Hoc|iPhone.ActiveCfg = Debug|Any CPU
		{E8031DB3-0BBC-4929-802E-747925175CA7}.Ad-Hoc|iPhone.Build.0 = Debug|Any CPU
		{E8031DB3-0BBC-4929-802E-747925175CA7}.Ad-Hoc|iPhoneSimulator.ActiveCfg = Debug|Any CPU
		{E8031DB3-0BBC-4929-802E-747925175CA7}.Ad-Hoc|iPhoneSimulator.Build.0 = Debug|Any CPU
		{E8031DB3-0BBC-4929-802E-747925175CA7}.AppStore|Any CPU.ActiveCfg = Debug|Any CPU
		{E8031DB3-0BBC-4929-802E-747925175CA7}.AppStore|Any CPU.Build.0 = Debug|Any CPU
		{E8031DB3-0BBC-4929-802E-747925175CA7}.AppStore|iPhone.ActiveCfg = Debug|Any CPU
		{E8031DB3-0BBC-4929-802E-747925175CA7}.AppStore|iPhone.Build.0 = Debug|Any CPU
		{E8031DB3-0BBC-4929-802E-747925175CA7}.AppStore|iPhoneSimulator.ActiveCfg = Debug|Any CPU
		{E8031DB3-0BBC-4929-802E-747925175CA7}.AppStore|iPhoneSimulator.Build.0 = Debug|Any CPU
		{E8031DB3-0BBC-4929-802E-747925175CA7}.Debug|Any CPU.ActiveCfg = Debug|Any CPU
		{E8031DB3-0BBC-4929-802E-747925175CA7}.Debug|Any CPU.Build.0 = Debug|Any CPU
		{E8031DB3-0BBC-4929-802E-747925175CA7}.Debug|iPhone.ActiveCfg = Debug|Any CPU
		{E8031DB3-0BBC-4929-802E-747925175CA7}.Debug|iPhone.Build.0 = Debug|Any CPU
		{E8031DB3-0BBC-4929-802E-747925175CA7}.Debug|iPhoneSimulator.ActiveCfg = Debug|Any CPU
		{E8031DB3-0BBC-4929-802E-747925175CA7}.Debug|iPhoneSimulator.Build.0 = Debug|Any CPU
		{E8031DB3-0BBC-4929-802E-747925175CA7}.Release|Any CPU.ActiveCfg = Release|Any CPU
		{E8031DB3-0BBC-4929-802E-747925175CA7}.Release|Any CPU.Build.0 = Release|Any CPU
		{E8031DB3-0BBC-4929-802E-747925175CA7}.Release|iPhone.ActiveCfg = Release|Any CPU
		{E8031DB3-0BBC-4929-802E-747925175CA7}.Release|iPhone.Build.0 = Release|Any CPU
		{E8031DB3-0BBC-4929-802E-747925175CA7}.Release|iPhoneSimulator.ActiveCfg = Release|Any CPU
		{E8031DB3-0BBC-4929-802E-747925175CA7}.Release|iPhoneSimulator.Build.0 = Release|Any CPU
		{220CA67A-FD4B-48BB-81CF-1BE7DA378548}.Ad-Hoc|Any CPU.ActiveCfg = Release|Any CPU
		{220CA67A-FD4B-48BB-81CF-1BE7DA378548}.Ad-Hoc|Any CPU.Build.0 = Release|Any CPU
		{220CA67A-FD4B-48BB-81CF-1BE7DA378548}.Ad-Hoc|Any CPU.Deploy.0 = Release|Any CPU
		{220CA67A-FD4B-48BB-81CF-1BE7DA378548}.Ad-Hoc|iPhone.ActiveCfg = Release|Any CPU
		{220CA67A-FD4B-48BB-81CF-1BE7DA378548}.Ad-Hoc|iPhone.Build.0 = Release|Any CPU
		{220CA67A-FD4B-48BB-81CF-1BE7DA378548}.Ad-Hoc|iPhone.Deploy.0 = Release|Any CPU
		{220CA67A-FD4B-48BB-81CF-1BE7DA378548}.Ad-Hoc|iPhoneSimulator.ActiveCfg = Release|Any CPU
		{220CA67A-FD4B-48BB-81CF-1BE7DA378548}.Ad-Hoc|iPhoneSimulator.Build.0 = Release|Any CPU
		{220CA67A-FD4B-48BB-81CF-1BE7DA378548}.Ad-Hoc|iPhoneSimulator.Deploy.0 = Release|Any CPU
		{220CA67A-FD4B-48BB-81CF-1BE7DA378548}.AppStore|Any CPU.ActiveCfg = Release|Any CPU
		{220CA67A-FD4B-48BB-81CF-1BE7DA378548}.AppStore|Any CPU.Build.0 = Release|Any CPU
		{220CA67A-FD4B-48BB-81CF-1BE7DA378548}.AppStore|Any CPU.Deploy.0 = Release|Any CPU
		{220CA67A-FD4B-48BB-81CF-1BE7DA378548}.AppStore|iPhone.ActiveCfg = Release|Any CPU
		{220CA67A-FD4B-48BB-81CF-1BE7DA378548}.AppStore|iPhone.Build.0 = Release|Any CPU
		{220CA67A-FD4B-48BB-81CF-1BE7DA378548}.AppStore|iPhone.Deploy.0 = Release|Any CPU
		{220CA67A-FD4B-48BB-81CF-1BE7DA378548}.AppStore|iPhoneSimulator.ActiveCfg = Release|Any CPU
		{220CA67A-FD4B-48BB-81CF-1BE7DA378548}.AppStore|iPhoneSimulator.Build.0 = Release|Any CPU
		{220CA67A-FD4B-48BB-81CF-1BE7DA378548}.AppStore|iPhoneSimulator.Deploy.0 = Release|Any CPU
		{220CA67A-FD4B-48BB-81CF-1BE7DA378548}.Debug|Any CPU.ActiveCfg = Debug|Any CPU
		{220CA67A-FD4B-48BB-81CF-1BE7DA378548}.Debug|Any CPU.Build.0 = Debug|Any CPU
		{220CA67A-FD4B-48BB-81CF-1BE7DA378548}.Debug|Any CPU.Deploy.0 = Debug|Any CPU
		{220CA67A-FD4B-48BB-81CF-1BE7DA378548}.Debug|iPhone.ActiveCfg = Debug|Any CPU
		{220CA67A-FD4B-48BB-81CF-1BE7DA378548}.Debug|iPhone.Build.0 = Debug|Any CPU
		{220CA67A-FD4B-48BB-81CF-1BE7DA378548}.Debug|iPhone.Deploy.0 = Debug|Any CPU
		{220CA67A-FD4B-48BB-81CF-1BE7DA378548}.Debug|iPhoneSimulator.ActiveCfg = Debug|Any CPU
		{220CA67A-FD4B-48BB-81CF-1BE7DA378548}.Debug|iPhoneSimulator.Build.0 = Debug|Any CPU
		{220CA67A-FD4B-48BB-81CF-1BE7DA378548}.Debug|iPhoneSimulator.Deploy.0 = Debug|Any CPU
		{220CA67A-FD4B-48BB-81CF-1BE7DA378548}.Release|Any CPU.ActiveCfg = Release|Any CPU
		{220CA67A-FD4B-48BB-81CF-1BE7DA378548}.Release|Any CPU.Build.0 = Release|Any CPU
		{220CA67A-FD4B-48BB-81CF-1BE7DA378548}.Release|Any CPU.Deploy.0 = Release|Any CPU
		{220CA67A-FD4B-48BB-81CF-1BE7DA378548}.Release|iPhone.ActiveCfg = Release|Any CPU
		{220CA67A-FD4B-48BB-81CF-1BE7DA378548}.Release|iPhone.Build.0 = Release|Any CPU
		{220CA67A-FD4B-48BB-81CF-1BE7DA378548}.Release|iPhone.Deploy.0 = Release|Any CPU
		{220CA67A-FD4B-48BB-81CF-1BE7DA378548}.Release|iPhoneSimulator.ActiveCfg = Release|Any CPU
		{220CA67A-FD4B-48BB-81CF-1BE7DA378548}.Release|iPhoneSimulator.Build.0 = Release|Any CPU
		{220CA67A-FD4B-48BB-81CF-1BE7DA378548}.Release|iPhoneSimulator.Deploy.0 = Release|Any CPU
		{C1F429CF-405F-405C-9757-9D921EE1CDF4}.Ad-Hoc|Any CPU.ActiveCfg = Ad-Hoc|iPhone
		{C1F429CF-405F-405C-9757-9D921EE1CDF4}.Ad-Hoc|iPhone.ActiveCfg = Ad-Hoc|iPhone
		{C1F429CF-405F-405C-9757-9D921EE1CDF4}.Ad-Hoc|iPhone.Build.0 = Ad-Hoc|iPhone
		{C1F429CF-405F-405C-9757-9D921EE1CDF4}.Ad-Hoc|iPhoneSimulator.ActiveCfg = Ad-Hoc|iPhoneSimulator
		{C1F429CF-405F-405C-9757-9D921EE1CDF4}.Ad-Hoc|iPhoneSimulator.Build.0 = Ad-Hoc|iPhoneSimulator
		{C1F429CF-405F-405C-9757-9D921EE1CDF4}.AppStore|Any CPU.ActiveCfg = AppStore|iPhone
		{C1F429CF-405F-405C-9757-9D921EE1CDF4}.AppStore|iPhone.ActiveCfg = AppStore|iPhone
		{C1F429CF-405F-405C-9757-9D921EE1CDF4}.AppStore|iPhone.Build.0 = AppStore|iPhone
		{C1F429CF-405F-405C-9757-9D921EE1CDF4}.AppStore|iPhoneSimulator.ActiveCfg = AppStore|iPhoneSimulator
		{C1F429CF-405F-405C-9757-9D921EE1CDF4}.AppStore|iPhoneSimulator.Build.0 = AppStore|iPhoneSimulator
		{C1F429CF-405F-405C-9757-9D921EE1CDF4}.Debug|Any CPU.ActiveCfg = Debug|iPhone
		{C1F429CF-405F-405C-9757-9D921EE1CDF4}.Debug|iPhone.ActiveCfg = Debug|iPhone
		{C1F429CF-405F-405C-9757-9D921EE1CDF4}.Debug|iPhone.Build.0 = Debug|iPhone
		{C1F429CF-405F-405C-9757-9D921EE1CDF4}.Debug|iPhoneSimulator.ActiveCfg = Debug|iPhoneSimulator
		{C1F429CF-405F-405C-9757-9D921EE1CDF4}.Debug|iPhoneSimulator.Build.0 = Debug|iPhoneSimulator
		{C1F429CF-405F-405C-9757-9D921EE1CDF4}.Release|Any CPU.ActiveCfg = Release|iPhone
		{C1F429CF-405F-405C-9757-9D921EE1CDF4}.Release|iPhone.ActiveCfg = Release|iPhone
		{C1F429CF-405F-405C-9757-9D921EE1CDF4}.Release|iPhone.Build.0 = Release|iPhone
		{C1F429CF-405F-405C-9757-9D921EE1CDF4}.Release|iPhoneSimulator.ActiveCfg = Release|iPhoneSimulator
		{C1F429CF-405F-405C-9757-9D921EE1CDF4}.Release|iPhoneSimulator.Build.0 = Release|iPhoneSimulator
		{A8A3FD38-F76C-4FBE-B743-F1801EC43A81}.Ad-Hoc|Any CPU.ActiveCfg = Release|Any CPU
		{A8A3FD38-F76C-4FBE-B743-F1801EC43A81}.Ad-Hoc|Any CPU.Build.0 = Release|Any CPU
		{A8A3FD38-F76C-4FBE-B743-F1801EC43A81}.Ad-Hoc|Any CPU.Deploy.0 = Release|Any CPU
		{A8A3FD38-F76C-4FBE-B743-F1801EC43A81}.Ad-Hoc|iPhone.ActiveCfg = Release|Any CPU
		{A8A3FD38-F76C-4FBE-B743-F1801EC43A81}.Ad-Hoc|iPhone.Build.0 = Release|Any CPU
		{A8A3FD38-F76C-4FBE-B743-F1801EC43A81}.Ad-Hoc|iPhone.Deploy.0 = Release|Any CPU
		{A8A3FD38-F76C-4FBE-B743-F1801EC43A81}.Ad-Hoc|iPhoneSimulator.ActiveCfg = Release|Any CPU
		{A8A3FD38-F76C-4FBE-B743-F1801EC43A81}.Ad-Hoc|iPhoneSimulator.Build.0 = Release|Any CPU
		{A8A3FD38-F76C-4FBE-B743-F1801EC43A81}.Ad-Hoc|iPhoneSimulator.Deploy.0 = Release|Any CPU
		{A8A3FD38-F76C-4FBE-B743-F1801EC43A81}.AppStore|Any CPU.ActiveCfg = Release|Any CPU
		{A8A3FD38-F76C-4FBE-B743-F1801EC43A81}.AppStore|Any CPU.Build.0 = Release|Any CPU
		{A8A3FD38-F76C-4FBE-B743-F1801EC43A81}.AppStore|Any CPU.Deploy.0 = Release|Any CPU
		{A8A3FD38-F76C-4FBE-B743-F1801EC43A81}.AppStore|iPhone.ActiveCfg = Release|Any CPU
		{A8A3FD38-F76C-4FBE-B743-F1801EC43A81}.AppStore|iPhone.Build.0 = Release|Any CPU
		{A8A3FD38-F76C-4FBE-B743-F1801EC43A81}.AppStore|iPhone.Deploy.0 = Release|Any CPU
		{A8A3FD38-F76C-4FBE-B743-F1801EC43A81}.AppStore|iPhoneSimulator.ActiveCfg = Release|Any CPU
		{A8A3FD38-F76C-4FBE-B743-F1801EC43A81}.AppStore|iPhoneSimulator.Build.0 = Release|Any CPU
		{A8A3FD38-F76C-4FBE-B743-F1801EC43A81}.AppStore|iPhoneSimulator.Deploy.0 = Release|Any CPU
		{A8A3FD38-F76C-4FBE-B743-F1801EC43A81}.Debug|Any CPU.ActiveCfg = Debug|Any CPU
		{A8A3FD38-F76C-4FBE-B743-F1801EC43A81}.Debug|Any CPU.Build.0 = Debug|Any CPU
		{A8A3FD38-F76C-4FBE-B743-F1801EC43A81}.Debug|Any CPU.Deploy.0 = Debug|Any CPU
		{A8A3FD38-F76C-4FBE-B743-F1801EC43A81}.Debug|iPhone.ActiveCfg = Debug|Any CPU
		{A8A3FD38-F76C-4FBE-B743-F1801EC43A81}.Debug|iPhone.Build.0 = Debug|Any CPU
		{A8A3FD38-F76C-4FBE-B743-F1801EC43A81}.Debug|iPhone.Deploy.0 = Debug|Any CPU
		{A8A3FD38-F76C-4FBE-B743-F1801EC43A81}.Debug|iPhoneSimulator.ActiveCfg = Debug|Any CPU
		{A8A3FD38-F76C-4FBE-B743-F1801EC43A81}.Debug|iPhoneSimulator.Build.0 = Debug|Any CPU
		{A8A3FD38-F76C-4FBE-B743-F1801EC43A81}.Debug|iPhoneSimulator.Deploy.0 = Debug|Any CPU
		{A8A3FD38-F76C-4FBE-B743-F1801EC43A81}.Release|Any CPU.ActiveCfg = Release|Any CPU
		{A8A3FD38-F76C-4FBE-B743-F1801EC43A81}.Release|Any CPU.Build.0 = Release|Any CPU
		{A8A3FD38-F76C-4FBE-B743-F1801EC43A81}.Release|Any CPU.Deploy.0 = Release|Any CPU
		{A8A3FD38-F76C-4FBE-B743-F1801EC43A81}.Release|iPhone.ActiveCfg = Release|Any CPU
		{A8A3FD38-F76C-4FBE-B743-F1801EC43A81}.Release|iPhone.Build.0 = Release|Any CPU
		{A8A3FD38-F76C-4FBE-B743-F1801EC43A81}.Release|iPhone.Deploy.0 = Release|Any CPU
		{A8A3FD38-F76C-4FBE-B743-F1801EC43A81}.Release|iPhoneSimulator.ActiveCfg = Release|Any CPU
		{A8A3FD38-F76C-4FBE-B743-F1801EC43A81}.Release|iPhoneSimulator.Build.0 = Release|Any CPU
		{A8A3FD38-F76C-4FBE-B743-F1801EC43A81}.Release|iPhoneSimulator.Deploy.0 = Release|Any CPU
		{0F8697C3-50EA-433F-9749-1FC0633BD429}.Ad-Hoc|Any CPU.ActiveCfg = Release|iPhone
		{0F8697C3-50EA-433F-9749-1FC0633BD429}.Ad-Hoc|Any CPU.Build.0 = Release|iPhone
		{0F8697C3-50EA-433F-9749-1FC0633BD429}.Ad-Hoc|iPhone.ActiveCfg = Release|iPhone
		{0F8697C3-50EA-433F-9749-1FC0633BD429}.Ad-Hoc|iPhone.Build.0 = Release|iPhone
		{0F8697C3-50EA-433F-9749-1FC0633BD429}.Ad-Hoc|iPhoneSimulator.ActiveCfg = Release|iPhoneSimulator
		{0F8697C3-50EA-433F-9749-1FC0633BD429}.Ad-Hoc|iPhoneSimulator.Build.0 = Release|iPhoneSimulator
		{0F8697C3-50EA-433F-9749-1FC0633BD429}.AppStore|Any CPU.ActiveCfg = Release|iPhone
		{0F8697C3-50EA-433F-9749-1FC0633BD429}.AppStore|Any CPU.Build.0 = Release|iPhone
		{0F8697C3-50EA-433F-9749-1FC0633BD429}.AppStore|iPhone.ActiveCfg = Release|iPhone
		{0F8697C3-50EA-433F-9749-1FC0633BD429}.AppStore|iPhone.Build.0 = Release|iPhone
		{0F8697C3-50EA-433F-9749-1FC0633BD429}.AppStore|iPhoneSimulator.ActiveCfg = Release|iPhoneSimulator
		{0F8697C3-50EA-433F-9749-1FC0633BD429}.AppStore|iPhoneSimulator.Build.0 = Release|iPhoneSimulator
		{0F8697C3-50EA-433F-9749-1FC0633BD429}.Debug|Any CPU.ActiveCfg = Debug|iPhone
		{0F8697C3-50EA-433F-9749-1FC0633BD429}.Debug|iPhone.ActiveCfg = Debug|iPhone
		{0F8697C3-50EA-433F-9749-1FC0633BD429}.Debug|iPhone.Build.0 = Debug|iPhone
		{0F8697C3-50EA-433F-9749-1FC0633BD429}.Debug|iPhoneSimulator.ActiveCfg = Debug|iPhoneSimulator
		{0F8697C3-50EA-433F-9749-1FC0633BD429}.Debug|iPhoneSimulator.Build.0 = Debug|iPhoneSimulator
		{0F8697C3-50EA-433F-9749-1FC0633BD429}.Release|Any CPU.ActiveCfg = Release|iPhone
		{0F8697C3-50EA-433F-9749-1FC0633BD429}.Release|iPhone.ActiveCfg = Release|iPhone
		{0F8697C3-50EA-433F-9749-1FC0633BD429}.Release|iPhone.Build.0 = Release|iPhone
		{0F8697C3-50EA-433F-9749-1FC0633BD429}.Release|iPhoneSimulator.ActiveCfg = Release|iPhoneSimulator
		{0F8697C3-50EA-433F-9749-1FC0633BD429}.Release|iPhoneSimulator.Build.0 = Release|iPhoneSimulator
	EndGlobalSection
	GlobalSection(SolutionProperties) = preSolution
		HideSolutionNode = FALSE
	EndGlobalSection
	GlobalSection(ExtensibilityGlobals) = postSolution
		SolutionGuid = {8DECB311-32AF-4D9C-89F6-A2E78A423934}
	EndGlobalSection
EndGlobal
